
Microsoft Visual Studio Solution File, Format Version 12.00
# Visual Studio Version 17
VisualStudioVersion = 17.7.34024.191
MinimumVisualStudioVersion = 10.0.40219.1
Project("{9A19103F-16F7-4668-BE54-9A1E7A4F7556}") = "OrderAutomationsProject.Api", "OrderAutomationsProject.Api\OrderAutomationsProject.Api.csproj", "{8F01E3A9-529B-4960-8FA8-044B1BE87B44}"
EndProject
Project("{9A19103F-16F7-4668-BE54-9A1E7A4F7556}") = "OrderAutomationsProject.Base", "OrderAutomationsProject.Base\OrderAutomationsProject.Base.csproj", "{11112C50-F37B-4DFA-9887-3BB559015F2E}"
EndProject
Project("{9A19103F-16F7-4668-BE54-9A1E7A4F7556}") = "OrderAutomationsProject.Data", "OrderAutomationsProject.Data\OrderAutomationsProject.Data.csproj", "{DA3EA2F5-3874-4819-BEAD-9C7306672F13}"
EndProject
Project("{9A19103F-16F7-4668-BE54-9A1E7A4F7556}") = "OrderAutomationsProject.Schema", "OrderAutomationsProject.Schema\OrderAutomationsProject.Schema.csproj", "{81657A8F-60AF-48D7-A895-547CA68DF1B3}"
EndProject
Project("{9A19103F-16F7-4668-BE54-9A1E7A4F7556}") = "OrderAutomationsProject.Operation", "OrderAutomationsProject.Operation\OrderAutomationsProject.Operation.csproj", "{8D89F9BA-BE77-46B7-946A-0B4684BBF690}"
EndProject
Global
	GlobalSection(SolutionConfigurationPlatforms) = preSolution
		Debug|Any CPU = Debug|Any CPU
		Release|Any CPU = Release|Any CPU
	EndGlobalSection
	GlobalSection(ProjectConfigurationPlatforms) = postSolution
		{8F01E3A9-529B-4960-8FA8-044B1BE87B44}.Debug|Any CPU.ActiveCfg = Debug|Any CPU
		{8F01E3A9-529B-4960-8FA8-044B1BE87B44}.Debug|Any CPU.Build.0 = Debug|Any CPU
		{8F01E3A9-529B-4960-8FA8-044B1BE87B44}.Release|Any CPU.ActiveCfg = Release|Any CPU
		{8F01E3A9-529B-4960-8FA8-044B1BE87B44}.Release|Any CPU.Build.0 = Release|Any CPU
		{11112C50-F37B-4DFA-9887-3BB559015F2E}.Debug|Any CPU.ActiveCfg = Debug|Any CPU
		{11112C50-F37B-4DFA-9887-3BB559015F2E}.Debug|Any CPU.Build.0 = Debug|Any CPU
		{11112C50-F37B-4DFA-9887-3BB559015F2E}.Release|Any CPU.ActiveCfg = Release|Any CPU
		{11112C50-F37B-4DFA-9887-3BB559015F2E}.Release|Any CPU.Build.0 = Release|Any CPU
		{DA3EA2F5-3874-4819-BEAD-9C7306672F13}.Debug|Any CPU.ActiveCfg = Debug|Any CPU
		{DA3EA2F5-3874-4819-BEAD-9C7306672F13}.Debug|Any CPU.Build.0 = Debug|Any CPU
		{DA3EA2F5-3874-4819-BEAD-9C7306672F13}.Release|Any CPU.ActiveCfg = Release|Any CPU
		{DA3EA2F5-3874-4819-BEAD-9C7306672F13}.Release|Any CPU.Build.0 = Release|Any CPU
		{81657A8F-60AF-48D7-A895-547CA68DF1B3}.Debug|Any CPU.ActiveCfg = Debug|Any CPU
		{81657A8F-60AF-48D7-A895-547CA68DF1B3}.Debug|Any CPU.Build.0 = Debug|Any CPU
		{81657A8F-60AF-48D7-A895-547CA68DF1B3}.Release|Any CPU.ActiveCfg = Release|Any CPU
		{81657A8F-60AF-48D7-A895-547CA68DF1B3}.Release|Any CPU.Build.0 = Release|Any CPU
		{8D89F9BA-BE77-46B7-946A-0B4684BBF690}.Debug|Any CPU.ActiveCfg = Debug|Any CPU
		{8D89F9BA-BE77-46B7-946A-0B4684BBF690}.Debug|Any CPU.Build.0 = Debug|Any CPU
		{8D89F9BA-BE77-46B7-946A-0B4684BBF690}.Release|Any CPU.ActiveCfg = Release|Any CPU
		{8D89F9BA-BE77-46B7-946A-0B4684BBF690}.Release|Any CPU.Build.0 = Release|Any CPU
	EndGlobalSection
	GlobalSection(SolutionProperties) = preSolution
		HideSolutionNode = FALSE
	EndGlobalSection
	GlobalSection(ExtensibilityGlobals) = postSolution
		SolutionGuid = {A16AD6AD-8696-4247-BDA8-599DF47665C7}
	EndGlobalSection
EndGlobal
